
Microsoft Visual Studio Solution File, Format Version 12.00
# Visual Studio 2013
VisualStudioVersion = 12.0.40629.0
MinimumVisualStudioVersion = 10.0.40219.1
Project("{FAE04EC0-301F-11D3-BF4B-00C04F79EFBC}") = "TDDPractice", "TDDPractice\TDDPractice.csproj", "{F146831F-776E-443F-B4E2-2CBF0502B103}"
EndProject
Project("{FAE04EC0-301F-11D3-BF4B-00C04F79EFBC}") = "UnitTestProject1", "UnitTestProject1\UnitTestProject1.csproj", "{F69B01B9-07B4-4011-A864-52B423BA4D84}"
EndProject
Global
	GlobalSection(SolutionConfigurationPlatforms) = preSolution
		Debug|Any CPU = Debug|Any CPU
		Release|Any CPU = Release|Any CPU
	EndGlobalSection
	GlobalSection(ProjectConfigurationPlatforms) = postSolution
		{F146831F-776E-443F-B4E2-2CBF0502B103}.Debug|Any CPU.ActiveCfg = Debug|Any CPU
		{F146831F-776E-443F-B4E2-2CBF0502B103}.Debug|Any CPU.Build.0 = Debug|Any CPU
		{F146831F-776E-443F-B4E2-2CBF0502B103}.Release|Any CPU.ActiveCfg = Release|Any CPU
		{F146831F-776E-443F-B4E2-2CBF0502B103}.Release|Any CPU.Build.0 = Release|Any CPU
		{F69B01B9-07B4-4011-A864-52B423BA4D84}.Debug|Any CPU.ActiveCfg = Debug|Any CPU
		{F69B01B9-07B4-4011-A864-52B423BA4D84}.Debug|Any CPU.Build.0 = Debug|Any CPU
		{F69B01B9-07B4-4011-A864-52B423BA4D84}.Release|Any CPU.ActiveCfg = Release|Any CPU
		{F69B01B9-07B4-4011-A864-52B423BA4D84}.Release|Any CPU.Build.0 = Release|Any CPU
	EndGlobalSection
	GlobalSection(SolutionProperties) = preSolution
		HideSolutionNode = FALSE
	EndGlobalSection
EndGlobal
